
Microsoft Visual Studio Solution File, Format Version 12.00
# Visual Studio Version 16
VisualStudioVersion = 16.0.29728.190
MinimumVisualStudioVersion = 10.0.40219.1
Project("{FAE04EC0-301F-11D3-BF4B-00C04F79EFBC}") = "AppleStore", "AppleStore\AppleStore.csproj", "{272AE168-0A09-4BB4-9CC4-77807EEB79E0}"
EndProject
Global
	GlobalSection(SolutionConfigurationPlatforms) = preSolution
		Debug|Any CPU = Debug|Any CPU
		Release|Any CPU = Release|Any CPU
	EndGlobalSection
	GlobalSection(ProjectConfigurationPlatforms) = postSolution
		{272AE168-0A09-4BB4-9CC4-77807EEB79E0}.Debug|Any CPU.ActiveCfg = Debug|Any CPU
		{272AE168-0A09-4BB4-9CC4-77807EEB79E0}.Debug|Any CPU.Build.0 = Debug|Any CPU
		{272AE168-0A09-4BB4-9CC4-77807EEB79E0}.Release|Any CPU.ActiveCfg = Release|Any CPU
		{272AE168-0A09-4BB4-9CC4-77807EEB79E0}.Release|Any CPU.Build.0 = Release|Any CPU
	EndGlobalSection
	GlobalSection(SolutionProperties) = preSolution
		HideSolutionNode = FALSE
	EndGlobalSection
	GlobalSection(ExtensibilityGlobals) = postSolution
		SolutionGuid = {21706225-09BB-4834-958E-B15CA542BBE4}
	EndGlobalSection
EndGlobal
